
Microsoft Visual Studio Solution File, Format Version 12.00
# Visual Studio Version 17
VisualStudioVersion = 17.8.34316.72
MinimumVisualStudioVersion = 10.0.40219.1
Project("{FAE04EC0-301F-11D3-BF4B-00C04F79EFBC}") = "OOP_FinalProject", "OOP_FinalProject\OOP_FinalProject.csproj", "{6F799C6B-445C-47C3-B010-1BDC7688239E}"
EndProject
Global
	GlobalSection(SolutionConfigurationPlatforms) = preSolution
		Debug|Any CPU = Debug|Any CPU
		Release|Any CPU = Release|Any CPU
	EndGlobalSection
	GlobalSection(ProjectConfigurationPlatforms) = postSolution
		{6F799C6B-445C-47C3-B010-1BDC7688239E}.Debug|Any CPU.ActiveCfg = Debug|Any CPU
		{6F799C6B-445C-47C3-B010-1BDC7688239E}.Debug|Any CPU.Build.0 = Debug|Any CPU
		{6F799C6B-445C-47C3-B010-1BDC7688239E}.Release|Any CPU.ActiveCfg = Release|Any CPU
		{6F799C6B-445C-47C3-B010-1BDC7688239E}.Release|Any CPU.Build.0 = Release|Any CPU
	EndGlobalSection
	GlobalSection(SolutionProperties) = preSolution
		HideSolutionNode = FALSE
	EndGlobalSection
	GlobalSection(ExtensibilityGlobals) = postSolution
		SolutionGuid = {46C0676B-26A4-4DB3-A4DE-151CC81F530D}
	EndGlobalSection
EndGlobal
